# This file is generated by running "yarn install" inside your project.
# Manual changes might be lost - proceed with caution!

__metadata:
  version: 8
  cacheKey: 10c0

"@types/aws-lambda@npm:^8.10.148":
  version: 8.10.148
  resolution: "@types/aws-lambda@npm:8.10.148"
  checksum: 10c0/b2cf5c991263a9276490757ec8f78fa42e41ac5029588d87f6b01f03321ee97eeaed8d66d259165d941717242a84e5b67e5d3a8872e9642a47645c6610f85287
  languageName: node
  linkType: hard

"email-comprehend@workspace:.":
  version: 0.0.0-use.local
  resolution: "email-comprehend@workspace:."
  dependencies:
    "@types/aws-lambda": "npm:^8.10.148"
    typescript: "npm:^5.8.2"
  languageName: unknown
  linkType: soft

"typescript@npm:^5.8.2":
  version: 5.8.2
  resolution: "typescript@npm:5.8.2"
  bin:
    tsc: bin/tsc
    tsserver: bin/tsserver
  checksum: 10c0/5c4f6fbf1c6389b6928fe7b8fcd5dc73bb2d58cd4e3883f1d774ed5bd83b151cbac6b7ecf11723de56d4676daeba8713894b1e9af56174f2f9780ae7848ec3c6
  languageName: node
  linkType: hard

"typescript@patch:typescript@npm%3A^5.8.2#optional!builtin<compat/typescript>":
  version: 5.8.2
  resolution: "typescript@patch:typescript@npm%3A5.8.2#optional!builtin<compat/typescript>::version=5.8.2&hash=5786d5"
  bin:
    tsc: bin/tsc
    tsserver: bin/tsserver
  checksum: 10c0/5448a08e595cc558ab321e49d4cac64fb43d1fa106584f6ff9a8d8e592111b373a995a1d5c7f3046211c8a37201eb6d0f1566f15cdb7a62a5e3be01d087848e2
  languageName: node
  linkType: hard
